
Microsoft Visual Studio Solution File, Format Version 12.00
# Visual Studio 2012
Project("{FAE04EC0-301F-11D3-BF4B-00C04F79EFBC}") = "ExportToPdf", "ExportToPdf.csproj", "{A1655D89-926D-4255-8344-9DE69993324E}"
EndProject
Project("{FAE04EC0-301F-11D3-BF4B-00C04F79EFBC}") = "ExportToPdf.Web", "..\ExportToPdf.Web\ExportToPdf.Web.csproj", "{E3322E3B-8356-4F61-BBBA-535AE18E3958}"
EndProject
Global
	GlobalSection(SolutionConfigurationPlatforms) = preSolution
		Debug|Any CPU = Debug|Any CPU
		Release|Any CPU = Release|Any CPU
	EndGlobalSection
	GlobalSection(ProjectConfigurationPlatforms) = postSolution
		{A1655D89-926D-4255-8344-9DE69993324E}.Debug|Any CPU.ActiveCfg = Debug|Any CPU
		{A1655D89-926D-4255-8344-9DE69993324E}.Debug|Any CPU.Build.0 = Debug|Any CPU
		{A1655D89-926D-4255-8344-9DE69993324E}.Release|Any CPU.ActiveCfg = Release|Any CPU
		{A1655D89-926D-4255-8344-9DE69993324E}.Release|Any CPU.Build.0 = Release|Any CPU
		{E3322E3B-8356-4F61-BBBA-535AE18E3958}.Debug|Any CPU.ActiveCfg = Debug|Any CPU
		{E3322E3B-8356-4F61-BBBA-535AE18E3958}.Debug|Any CPU.Build.0 = Debug|Any CPU
		{E3322E3B-8356-4F61-BBBA-535AE18E3958}.Release|Any CPU.ActiveCfg = Release|Any CPU
		{E3322E3B-8356-4F61-BBBA-535AE18E3958}.Release|Any CPU.Build.0 = Release|Any CPU
	EndGlobalSection
	GlobalSection(SolutionProperties) = preSolution
		HideSolutionNode = FALSE
	EndGlobalSection
EndGlobal
